
Microsoft Visual Studio Solution File, Format Version 12.00
Project("{FAE04EC0-301F-11D3-BF4B-00C04F79EFBC}") = "Domain", "PersonalFinanceAssistant\Domain.csproj", "{1D859989-2738-463C-895B-234E5BD8AD21}"
EndProject
Project("{FAE04EC0-301F-11D3-BF4B-00C04F79EFBC}") = "Application", "Application\Application.csproj", "{07F5C76F-27BC-44AE-B3FD-A9FFFC67E126}"
EndProject
Project("{FAE04EC0-301F-11D3-BF4B-00C04F79EFBC}") = "Infrastructure", "Infrastructure\Infrastructure.csproj", "{6BCB1105-2F70-4C51-856E-D504A0DDF7FA}"
EndProject
Project("{FAE04EC0-301F-11D3-BF4B-00C04F79EFBC}") = "PersonalFinanceAssistantWeb", "PersonalFinanceAssistantWeb\PersonalFinanceAssistantWeb.csproj", "{DD414CEE-F5F6-4658-AB15-F7A3BA32A0F2}"
EndProject
Project("{2150E333-8FDC-42A3-9474-1A3956D46DE8}") = "src", "src", "{766ED0F5-4EF5-45C7-A2B9-B62A9458F739}"
EndProject
Global
	GlobalSection(SolutionConfigurationPlatforms) = preSolution
		Debug|Any CPU = Debug|Any CPU
		Release|Any CPU = Release|Any CPU
	EndGlobalSection
	GlobalSection(ProjectConfigurationPlatforms) = postSolution
		{1D859989-2738-463C-895B-234E5BD8AD21}.Debug|Any CPU.ActiveCfg = Debug|Any CPU
		{1D859989-2738-463C-895B-234E5BD8AD21}.Debug|Any CPU.Build.0 = Debug|Any CPU
		{1D859989-2738-463C-895B-234E5BD8AD21}.Release|Any CPU.ActiveCfg = Release|Any CPU
		{1D859989-2738-463C-895B-234E5BD8AD21}.Release|Any CPU.Build.0 = Release|Any CPU
		{07F5C76F-27BC-44AE-B3FD-A9FFFC67E126}.Debug|Any CPU.ActiveCfg = Debug|Any CPU
		{07F5C76F-27BC-44AE-B3FD-A9FFFC67E126}.Debug|Any CPU.Build.0 = Debug|Any CPU
		{07F5C76F-27BC-44AE-B3FD-A9FFFC67E126}.Release|Any CPU.ActiveCfg = Release|Any CPU
		{07F5C76F-27BC-44AE-B3FD-A9FFFC67E126}.Release|Any CPU.Build.0 = Release|Any CPU
		{6BCB1105-2F70-4C51-856E-D504A0DDF7FA}.Debug|Any CPU.ActiveCfg = Debug|Any CPU
		{6BCB1105-2F70-4C51-856E-D504A0DDF7FA}.Debug|Any CPU.Build.0 = Debug|Any CPU
		{6BCB1105-2F70-4C51-856E-D504A0DDF7FA}.Release|Any CPU.ActiveCfg = Release|Any CPU
		{6BCB1105-2F70-4C51-856E-D504A0DDF7FA}.Release|Any CPU.Build.0 = Release|Any CPU
		{DD414CEE-F5F6-4658-AB15-F7A3BA32A0F2}.Debug|Any CPU.ActiveCfg = Debug|Any CPU
		{DD414CEE-F5F6-4658-AB15-F7A3BA32A0F2}.Debug|Any CPU.Build.0 = Debug|Any CPU
		{DD414CEE-F5F6-4658-AB15-F7A3BA32A0F2}.Release|Any CPU.ActiveCfg = Release|Any CPU
		{DD414CEE-F5F6-4658-AB15-F7A3BA32A0F2}.Release|Any CPU.Build.0 = Release|Any CPU
	EndGlobalSection
	GlobalSection(NestedProjects) = preSolution
		{07F5C76F-27BC-44AE-B3FD-A9FFFC67E126} = {766ED0F5-4EF5-45C7-A2B9-B62A9458F739}
		{1D859989-2738-463C-895B-234E5BD8AD21} = {766ED0F5-4EF5-45C7-A2B9-B62A9458F739}
		{6BCB1105-2F70-4C51-856E-D504A0DDF7FA} = {766ED0F5-4EF5-45C7-A2B9-B62A9458F739}
		{DD414CEE-F5F6-4658-AB15-F7A3BA32A0F2} = {766ED0F5-4EF5-45C7-A2B9-B62A9458F739}
	EndGlobalSection
EndGlobal
